
Microsoft Visual Studio Solution File, Format Version 12.00
# Visual Studio Version 17
VisualStudioVersion = 17.5.33424.131
MinimumVisualStudioVersion = 10.0.40219.1
Project("{FAE04EC0-301F-11D3-BF4B-00C04F79EFBC}") = "bruuuuh", "bruuuuh\bruuuuh.csproj", "{FFBE96B0-F14F-479C-93DE-42F034FA882A}"
EndProject
Global
	GlobalSection(SolutionConfigurationPlatforms) = preSolution
		Debug|Any CPU = Debug|Any CPU
		Release|Any CPU = Release|Any CPU
	EndGlobalSection
	GlobalSection(ProjectConfigurationPlatforms) = postSolution
		{FFBE96B0-F14F-479C-93DE-42F034FA882A}.Debug|Any CPU.ActiveCfg = Debug|Any CPU
		{FFBE96B0-F14F-479C-93DE-42F034FA882A}.Debug|Any CPU.Build.0 = Debug|Any CPU
		{FFBE96B0-F14F-479C-93DE-42F034FA882A}.Release|Any CPU.ActiveCfg = Release|Any CPU
		{FFBE96B0-F14F-479C-93DE-42F034FA882A}.Release|Any CPU.Build.0 = Release|Any CPU
	EndGlobalSection
	GlobalSection(SolutionProperties) = preSolution
		HideSolutionNode = FALSE
	EndGlobalSection
	GlobalSection(ExtensibilityGlobals) = postSolution
		SolutionGuid = {0A28789E-138A-49C3-B6BE-E9A3C76FC226}
	EndGlobalSection
EndGlobal
